
Microsoft Visual Studio Solution File, Format Version 12.00
# Visual Studio 15
VisualStudioVersion = 15.0.28307.421
MinimumVisualStudioVersion = 10.0.40219.1
Project("{FAE04EC0-301F-11D3-BF4B-00C04F79EFBC}") = "CapacitiveTouchSensingKitService", "CapacitiveTouchSensingKitService\CapacitiveTouchSensingKitService.csproj", "{9871CC52-7D94-4209-A9FB-31A601E18753}"
EndProject
Global
	GlobalSection(SolutionConfigurationPlatforms) = preSolution
		Debug|Any CPU = Debug|Any CPU
		Release|Any CPU = Release|Any CPU
	EndGlobalSection
	GlobalSection(ProjectConfigurationPlatforms) = postSolution
		{9871CC52-7D94-4209-A9FB-31A601E18753}.Debug|Any CPU.ActiveCfg = Debug|Any CPU
		{9871CC52-7D94-4209-A9FB-31A601E18753}.Debug|Any CPU.Build.0 = Debug|Any CPU
		{9871CC52-7D94-4209-A9FB-31A601E18753}.Release|Any CPU.ActiveCfg = Release|Any CPU
		{9871CC52-7D94-4209-A9FB-31A601E18753}.Release|Any CPU.Build.0 = Release|Any CPU
	EndGlobalSection
	GlobalSection(SolutionProperties) = preSolution
		HideSolutionNode = FALSE
	EndGlobalSection
	GlobalSection(ExtensibilityGlobals) = postSolution
		SolutionGuid = {86212268-B853-49FA-B9E2-54D8D89888F3}
	EndGlobalSection
EndGlobal
